
Microsoft Visual Studio Solution File, Format Version 12.00
# Visual Studio Version 17
VisualStudioVersion = 17.0.31903.59
MinimumVisualStudioVersion = 10.0.40219.1
Project("{2150E333-8FDC-42A3-9474-1A3956D46DE8}") = "src", "src", "{F173803C-8D7D-4255-A4FB-94C24CF3C7D0}"
EndProject
Project("{2150E333-8FDC-42A3-9474-1A3956D46DE8}") = "tools", "tools", "{067A0CD1-121C-4366-AE7B-0C600288CDB9}"
EndProject
Project("{FAE04EC0-301F-11D3-BF4B-00C04F79EFBC}") = "NBP.CLI", "src\tools\NBP.CLI\NBP.CLI.csproj", "{7F4BE0C2-3FD4-4B4F-AE0D-36B680F8D283}"
EndProject
Global
	GlobalSection(SolutionConfigurationPlatforms) = preSolution
		Debug|Any CPU = Debug|Any CPU
		Release|Any CPU = Release|Any CPU
	EndGlobalSection
	GlobalSection(SolutionProperties) = preSolution
		HideSolutionNode = FALSE
	EndGlobalSection
	GlobalSection(ProjectConfigurationPlatforms) = postSolution
		{7F4BE0C2-3FD4-4B4F-AE0D-36B680F8D283}.Debug|Any CPU.ActiveCfg = Debug|Any CPU
		{7F4BE0C2-3FD4-4B4F-AE0D-36B680F8D283}.Debug|Any CPU.Build.0 = Debug|Any CPU
		{7F4BE0C2-3FD4-4B4F-AE0D-36B680F8D283}.Release|Any CPU.ActiveCfg = Release|Any CPU
		{7F4BE0C2-3FD4-4B4F-AE0D-36B680F8D283}.Release|Any CPU.Build.0 = Release|Any CPU
	EndGlobalSection
	GlobalSection(NestedProjects) = preSolution
		{067A0CD1-121C-4366-AE7B-0C600288CDB9} = {F173803C-8D7D-4255-A4FB-94C24CF3C7D0}
		{7F4BE0C2-3FD4-4B4F-AE0D-36B680F8D283} = {067A0CD1-121C-4366-AE7B-0C600288CDB9}
	EndGlobalSection
EndGlobal
